// !$*UTF8*$!
{
	archiveVersion = 1;
	classes = {
	};
	objectVersion = 56;
	objects = {

/* Begin PBXBuildFile section */
		6B18BDA82A3521A700B7E272 /* PersonalCardEsquelApp.swift in Sources */ = {isa = PBXBuildFile; fileRef = 6B18BDA72A3521A700B7E272 /* PersonalCardEsquelApp.swift */; };
		6B18BDAA2A3521A700B7E272 /* ContentView.swift in Sources */ = {isa = PBXBuildFile; fileRef = 6B18BDA92A3521A700B7E272 /* ContentView.swift */; };
		6B18BDAC2A3521A900B7E272 /* Assets.xcassets in Resources */ = {isa = PBXBuildFile; fileRef = 6B18BDAB2A3521A900B7E272 /* Assets.xcassets */; };
		6B18BDAF2A3521A900B7E272 /* Preview Assets.xcassets in Resources */ = {isa = PBXBuildFile; fileRef = 6B18BDAE2A3521A900B7E272 /* Preview Assets.xcassets */; };
		6B18BDBA2A35484300B7E272 /* QRCodeGen.swift in Sources */ = {isa = PBXBuildFile; fileRef = 6B18BDB92A35484300B7E272 /* QRCodeGen.swift */; };
		6B18BDC02A366A9200B7E272 /* EditDataView.swift in Sources */ = {isa = PBXBuildFile; fileRef = 6B18BDBF2A366A9200B7E272 /* EditDataView.swift */; };
		6B63A8F52AD9C2770061EB3F /* MultiImagePicker.swift in Sources */ = {isa = PBXBuildFile; fileRef = 6B63A8F42AD9C2770061EB3F /* MultiImagePicker.swift */; };
		6B63A8F72AD9C67E0061EB3F /* MultiImagePickerView.swift in Sources */ = {isa = PBXBuildFile; fileRef = 6B63A8F62AD9C67E0061EB3F /* MultiImagePickerView.swift */; };
		6B63A8F92AD9DF680061EB3F /* UserImages.swift in Sources */ = {isa = PBXBuildFile; fileRef = 6B63A8F82AD9DF680061EB3F /* UserImages.swift */; };
		6BB4A52C2A38FB9C008943C3 /* UserData.swift in Sources */ = {isa = PBXBuildFile; fileRef = 6BB4A52B2A38FB9C008943C3 /* UserData.swift */; };
		6BB562332AD715DD00EAC678 /* InitialSetupView.swift in Sources */ = {isa = PBXBuildFile; fileRef = 6BB562322AD715DD00EAC678 /* InitialSetupView.swift */; };
		6BB562352AD7423A00EAC678 /* TemporaryUser.swift in Sources */ = {isa = PBXBuildFile; fileRef = 6BB562342AD7423A00EAC678 /* TemporaryUser.swift */; };
		6BB562372AD742A100EAC678 /* BasicInfoView.swift in Sources */ = {isa = PBXBuildFile; fileRef = 6BB562362AD742A100EAC678 /* BasicInfoView.swift */; };
		6BB562392AD742DE00EAC678 /* ContactMainView.swift in Sources */ = {isa = PBXBuildFile; fileRef = 6BB562382AD742DE00EAC678 /* ContactMainView.swift */; };
		6BB5623B2AD742FF00EAC678 /* ContactOptionalView.swift in Sources */ = {isa = PBXBuildFile; fileRef = 6BB5623A2AD742FF00EAC678 /* ContactOptionalView.swift */; };
		6BB5623D2AD7431E00EAC678 /* SummaryView.swift in Sources */ = {isa = PBXBuildFile; fileRef = 6BB5623C2AD7431E00EAC678 /* SummaryView.swift */; };
		6BB562412AD782B700EAC678 /* ImagePickerView.swift in Sources */ = {isa = PBXBuildFile; fileRef = 6BB562402AD782B700EAC678 /* ImagePickerView.swift */; };
		6BB562452AD8296D00EAC678 /* QRCodeView.swift in Sources */ = {isa = PBXBuildFile; fileRef = 6BB562442AD8296D00EAC678 /* QRCodeView.swift */; };
		6BCB57DE2A3ADBDE007530E2 /* ImagePicker.swift in Sources */ = {isa = PBXBuildFile; fileRef = 6BCB57DD2A3ADBDE007530E2 /* ImagePicker.swift */; };
		6BCB57E02A3B6105007530E2 /* Montserrat.ttf in Resources */ = {isa = PBXBuildFile; fileRef = 6BCB57DF2A3B6105007530E2 /* Montserrat.ttf */; };
		6BCB57E32A3B6365007530E2 /* Montserrat-Bold.ttf in Resources */ = {isa = PBXBuildFile; fileRef = 6BCB57E22A3B6364007530E2 /* Montserrat-Bold.ttf */; };
		6BCB57E52A3B6371007530E2 /* Montserrat-SemiBold.ttf in Resources */ = {isa = PBXBuildFile; fileRef = 6BCB57E42A3B6370007530E2 /* Montserrat-SemiBold.ttf */; };
		6BCB57E72A3B69B6007530E2 /* JosefinSans-Bold.ttf in Resources */ = {isa = PBXBuildFile; fileRef = 6BCB57E62A3B69B5007530E2 /* JosefinSans-Bold.ttf */; };
		6BCB57EB2A3BBD51007530E2 /* UserDefaultsExtension.swift in Sources */ = {isa = PBXBuildFile; fileRef = 6BCB57EA2A3BBD51007530E2 /* UserDefaultsExtension.swift */; };
/* End PBXBuildFile section */

/* Begin PBXFileReference section */
		6B18BDA42A3521A700B7E272 /* PersonalCardEsquel.app */ = {isa = PBXFileReference; explicitFileType = wrapper.application; includeInIndex = 0; path = PersonalCardEsquel.app; sourceTree = BUILT_PRODUCTS_DIR; };
		6B18BDA72A3521A700B7E272 /* PersonalCardEsquelApp.swift */ = {isa = PBXFileReference; lastKnownFileType = sourcecode.swift; path = PersonalCardEsquelApp.swift; sourceTree = "<group>"; };
		6B18BDA92A3521A700B7E272 /* ContentView.swift */ = {isa = PBXFileReference; lastKnownFileType = sourcecode.swift; path = ContentView.swift; sourceTree = "<group>"; };
		6B18BDAB2A3521A900B7E272 /* Assets.xcassets */ = {isa = PBXFileReference; lastKnownFileType = folder.assetcatalog; path = Assets.xcassets; sourceTree = "<group>"; };
		6B18BDAE2A3521A900B7E272 /* Preview Assets.xcassets */ = {isa = PBXFileReference; lastKnownFileType = folder.assetcatalog; path = "Preview Assets.xcassets"; sourceTree = "<group>"; };
		6B18BDB92A35484300B7E272 /* QRCodeGen.swift */ = {isa = PBXFileReference; lastKnownFileType = sourcecode.swift; path = QRCodeGen.swift; sourceTree = "<group>"; };
		6B18BDBF2A366A9200B7E272 /* EditDataView.swift */ = {isa = PBXFileReference; lastKnownFileType = sourcecode.swift; path = EditDataView.swift; sourceTree = "<group>"; };
		6B63A8F42AD9C2770061EB3F /* MultiImagePicker.swift */ = {isa = PBXFileReference; lastKnownFileType = sourcecode.swift; path = MultiImagePicker.swift; sourceTree = "<group>"; };
		6B63A8F62AD9C67E0061EB3F /* MultiImagePickerView.swift */ = {isa = PBXFileReference; lastKnownFileType = sourcecode.swift; path = MultiImagePickerView.swift; sourceTree = "<group>"; };
		6B63A8F82AD9DF680061EB3F /* UserImages.swift */ = {isa = PBXFileReference; lastKnownFileType = sourcecode.swift; path = UserImages.swift; sourceTree = "<group>"; };
		6BB4A52B2A38FB9C008943C3 /* UserData.swift */ = {isa = PBXFileReference; lastKnownFileType = sourcecode.swift; path = UserData.swift; sourceTree = "<group>"; };
		6BB562322AD715DD00EAC678 /* InitialSetupView.swift */ = {isa = PBXFileReference; lastKnownFileType = sourcecode.swift; path = InitialSetupView.swift; sourceTree = "<group>"; };
		6BB562342AD7423A00EAC678 /* TemporaryUser.swift */ = {isa = PBXFileReference; lastKnownFileType = sourcecode.swift; path = TemporaryUser.swift; sourceTree = "<group>"; };
		6BB562362AD742A100EAC678 /* BasicInfoView.swift */ = {isa = PBXFileReference; lastKnownFileType = sourcecode.swift; path = BasicInfoView.swift; sourceTree = "<group>"; };
		6BB562382AD742DE00EAC678 /* ContactMainView.swift */ = {isa = PBXFileReference; lastKnownFileType = sourcecode.swift; path = ContactMainView.swift; sourceTree = "<group>"; };
		6BB5623A2AD742FF00EAC678 /* ContactOptionalView.swift */ = {isa = PBXFileReference; lastKnownFileType = sourcecode.swift; path = ContactOptionalView.swift; sourceTree = "<group>"; };
		6BB5623C2AD7431E00EAC678 /* SummaryView.swift */ = {isa = PBXFileReference; lastKnownFileType = sourcecode.swift; path = SummaryView.swift; sourceTree = "<group>"; };
		6BB562402AD782B700EAC678 /* ImagePickerView.swift */ = {isa = PBXFileReference; lastKnownFileType = sourcecode.swift; path = ImagePickerView.swift; sourceTree = "<group>"; };
		6BB562442AD8296D00EAC678 /* QRCodeView.swift */ = {isa = PBXFileReference; lastKnownFileType = sourcecode.swift; path = QRCodeView.swift; sourceTree = "<group>"; };
		6BCB57DD2A3ADBDE007530E2 /* ImagePicker.swift */ = {isa = PBXFileReference; lastKnownFileType = sourcecode.swift; path = ImagePicker.swift; sourceTree = "<group>"; };
		6BCB57DF2A3B6105007530E2 /* Montserrat.ttf */ = {isa = PBXFileReference; lastKnownFileType = file; path = Montserrat.ttf; sourceTree = "<group>"; };
		6BCB57E12A3B6129007530E2 /* Info.plist */ = {isa = PBXFileReference; lastKnownFileType = text.plist; path = Info.plist; sourceTree = "<group>"; };
		6BCB57E22A3B6364007530E2 /* Montserrat-Bold.ttf */ = {isa = PBXFileReference; lastKnownFileType = file; path = "Montserrat-Bold.ttf"; sourceTree = "<group>"; };
		6BCB57E42A3B6370007530E2 /* Montserrat-SemiBold.ttf */ = {isa = PBXFileReference; lastKnownFileType = file; path = "Montserrat-SemiBold.ttf"; sourceTree = "<group>"; };
		6BCB57E62A3B69B5007530E2 /* JosefinSans-Bold.ttf */ = {isa = PBXFileReference; lastKnownFileType = file; path = "JosefinSans-Bold.ttf"; sourceTree = "<group>"; };
		6BCB57EA2A3BBD51007530E2 /* UserDefaultsExtension.swift */ = {isa = PBXFileReference; lastKnownFileType = sourcecode.swift; path = UserDefaultsExtension.swift; sourceTree = "<group>"; };
/* End PBXFileReference section */

/* Begin PBXFrameworksBuildPhase section */
		6B18BDA12A3521A700B7E272 /* Frameworks */ = {
			isa = PBXFrameworksBuildPhase;
			buildActionMask = 2147483647;
			files = (
			);
			runOnlyForDeploymentPostprocessing = 0;
		};
/* End PBXFrameworksBuildPhase section */

/* Begin PBXGroup section */
		6B18BD9B2A3521A700B7E272 = {
			isa = PBXGroup;
			children = (
				6B18BDA62A3521A700B7E272 /* PersonalCardEsquel */,
				6B18BDA52A3521A700B7E272 /* Products */,
			);
			sourceTree = "<group>";
		};
		6B18BDA52A3521A700B7E272 /* Products */ = {
			isa = PBXGroup;
			children = (
				6B18BDA42A3521A700B7E272 /* PersonalCardEsquel.app */,
			);
			name = Products;
			sourceTree = "<group>";
		};
		6B18BDA62A3521A700B7E272 /* PersonalCardEsquel */ = {
			isa = PBXGroup;
			children = (
				6BCB57E12A3B6129007530E2 /* Info.plist */,
				6B18BDA72A3521A700B7E272 /* PersonalCardEsquelApp.swift */,
				6BCB57ED2A3BCA75007530E2 /* Views */,
				6BCB57EF2A3BCA8A007530E2 /* Model */,
				6BCB57EC2A3BCA42007530E2 /* Utils */,
				6BCB57EE2A3BCA81007530E2 /* Fonts */,
				6B18BDAB2A3521A900B7E272 /* Assets.xcassets */,
				6B18BDAD2A3521A900B7E272 /* Preview Content */,
			);
			path = PersonalCardEsquel;
			sourceTree = "<group>";
		};
		6B18BDAD2A3521A900B7E272 /* Preview Content */ = {
			isa = PBXGroup;
			children = (
				6B18BDAE2A3521A900B7E272 /* Preview Assets.xcassets */,
			);
			path = "Preview Content";
			sourceTree = "<group>";
		};
		6BCB57EC2A3BCA42007530E2 /* Utils */ = {
			isa = PBXGroup;
			children = (
				6B18BDB92A35484300B7E272 /* QRCodeGen.swift */,
				6B63A8F42AD9C2770061EB3F /* MultiImagePicker.swift */,
				6BCB57DD2A3ADBDE007530E2 /* ImagePicker.swift */,
				6BCB57EA2A3BBD51007530E2 /* UserDefaultsExtension.swift */,
			);
			path = Utils;
			sourceTree = "<group>";
		};
		6BCB57ED2A3BCA75007530E2 /* Views */ = {
			isa = PBXGroup;
			children = (
				6B18BDA92A3521A700B7E272 /* ContentView.swift */,
				6B18BDBF2A366A9200B7E272 /* EditDataView.swift */,
				6BB562322AD715DD00EAC678 /* InitialSetupView.swift */,
				6BB562362AD742A100EAC678 /* BasicInfoView.swift */,
				6BB562382AD742DE00EAC678 /* ContactMainView.swift */,
				6BB5623A2AD742FF00EAC678 /* ContactOptionalView.swift */,
				6BB562402AD782B700EAC678 /* ImagePickerView.swift */,
				6B63A8F62AD9C67E0061EB3F /* MultiImagePickerView.swift */,
				6BB5623C2AD7431E00EAC678 /* SummaryView.swift */,
				6BB562442AD8296D00EAC678 /* QRCodeView.swift */,
			);
			path = Views;
			sourceTree = "<group>";
		};
		6BCB57EE2A3BCA81007530E2 /* Fonts */ = {
			isa = PBXGroup;
			children = (
				6BCB57DF2A3B6105007530E2 /* Montserrat.ttf */,
				6BCB57E22A3B6364007530E2 /* Montserrat-Bold.ttf */,
				6BCB57E42A3B6370007530E2 /* Montserrat-SemiBold.ttf */,
				6BCB57E62A3B69B5007530E2 /* JosefinSans-Bold.ttf */,
			);
			path = Fonts;
			sourceTree = "<group>";
		};
		6BCB57EF2A3BCA8A007530E2 /* Model */ = {
			isa = PBXGroup;
			children = (
				6BB4A52B2A38FB9C008943C3 /* UserData.swift */,
				6B63A8F82AD9DF680061EB3F /* UserImages.swift */,
				6BB562342AD7423A00EAC678 /* TemporaryUser.swift */,
			);
			path = Model;
			sourceTree = "<group>";
		};
/* End PBXGroup section */

/* Begin PBXNativeTarget section */
		6B18BDA32A3521A700B7E272 /* PersonalCardEsquel */ = {
			isa = PBXNativeTarget;
			buildConfigurationList = 6B18BDB22A3521A900B7E272 /* Build configuration list for PBXNativeTarget "PersonalCardEsquel" */;
			buildPhases = (
				6B18BDA02A3521A700B7E272 /* Sources */,
				6B18BDA12A3521A700B7E272 /* Frameworks */,
				6B18BDA22A3521A700B7E272 /* Resources */,
			);
			buildRules = (
			);
			dependencies = (
			);
			name = PersonalCardEsquel;
			productName = PersonalCardEsquel;
			productReference = 6B18BDA42A3521A700B7E272 /* PersonalCardEsquel.app */;
			productType = "com.apple.product-type.application";
		};
/* End PBXNativeTarget section */

/* Begin PBXProject section */
		6B18BD9C2A3521A700B7E272 /* Project object */ = {
			isa = PBXProject;
			attributes = {
				BuildIndependentTargetsInParallel = 1;
				LastSwiftUpdateCheck = 1430;
				LastUpgradeCheck = 1430;
				TargetAttributes = {
					6B18BDA32A3521A700B7E272 = {
						CreatedOnToolsVersion = 14.3;
					};
				};
			};
			buildConfigurationList = 6B18BD9F2A3521A700B7E272 /* Build configuration list for PBXProject "PersonalCardEsquel" */;
			compatibilityVersion = "Xcode 14.0";
			developmentRegion = "es-419";
			hasScannedForEncodings = 0;
			knownRegions = (
				Base,
				"es-419",
			);
			mainGroup = 6B18BD9B2A3521A700B7E272;
			productRefGroup = 6B18BDA52A3521A700B7E272 /* Products */;
			projectDirPath = "";
			projectRoot = "";
			targets = (
				6B18BDA32A3521A700B7E272 /* PersonalCardEsquel */,
			);
		};
/* End PBXProject section */

/* Begin PBXResourcesBuildPhase section */
		6B18BDA22A3521A700B7E272 /* Resources */ = {
			isa = PBXResourcesBuildPhase;
			buildActionMask = 2147483647;
			files = (
				6BCB57E32A3B6365007530E2 /* Montserrat-Bold.ttf in Resources */,
				6B18BDAF2A3521A900B7E272 /* Preview Assets.xcassets in Resources */,
				6B18BDAC2A3521A900B7E272 /* Assets.xcassets in Resources */,
				6BCB57E02A3B6105007530E2 /* Montserrat.ttf in Resources */,
				6BCB57E52A3B6371007530E2 /* Montserrat-SemiBold.ttf in Resources */,
				6BCB57E72A3B69B6007530E2 /* JosefinSans-Bold.ttf in Resources */,
			);
			runOnlyForDeploymentPostprocessing = 0;
		};
/* End PBXResourcesBuildPhase section */

/* Begin PBXSourcesBuildPhase section */
		6B18BDA02A3521A700B7E272 /* Sources */ = {
			isa = PBXSourcesBuildPhase;
			buildActionMask = 2147483647;
			files = (
				6BB5623D2AD7431E00EAC678 /* SummaryView.swift in Sources */,
				6B18BDAA2A3521A700B7E272 /* ContentView.swift in Sources */,
				6BB562352AD7423A00EAC678 /* TemporaryUser.swift in Sources */,
				6B18BDBA2A35484300B7E272 /* QRCodeGen.swift in Sources */,
				6BB562412AD782B700EAC678 /* ImagePickerView.swift in Sources */,
				6BB562372AD742A100EAC678 /* BasicInfoView.swift in Sources */,
				6BB562392AD742DE00EAC678 /* ContactMainView.swift in Sources */,
				6BB5623B2AD742FF00EAC678 /* ContactOptionalView.swift in Sources */,
				6B63A8F72AD9C67E0061EB3F /* MultiImagePickerView.swift in Sources */,
				6BB4A52C2A38FB9C008943C3 /* UserData.swift in Sources */,
				6BCB57EB2A3BBD51007530E2 /* UserDefaultsExtension.swift in Sources */,
				6BCB57DE2A3ADBDE007530E2 /* ImagePicker.swift in Sources */,
				6B63A8F92AD9DF680061EB3F /* UserImages.swift in Sources */,
				6B18BDC02A366A9200B7E272 /* EditDataView.swift in Sources */,
				6BB562452AD8296D00EAC678 /* QRCodeView.swift in Sources */,
				6B63A8F52AD9C2770061EB3F /* MultiImagePicker.swift in Sources */,
				6B18BDA82A3521A700B7E272 /* PersonalCardEsquelApp.swift in Sources */,
				6BB562332AD715DD00EAC678 /* InitialSetupView.swift in Sources */,
			);
			runOnlyForDeploymentPostprocessing = 0;
		};
/* End PBXSourcesBuildPhase section */

/* Begin XCBuildConfiguration section */
		6B18BDB02A3521A900B7E272 /* Debug */ = {
			isa = XCBuildConfiguration;
			buildSettings = {
				ALWAYS_SEARCH_USER_PATHS = NO;
				CLANG_ANALYZER_NONNULL = YES;
				CLANG_ANALYZER_NUMBER_OBJECT_CONVERSION = YES_AGGRESSIVE;
				CLANG_CXX_LANGUAGE_STANDARD = "gnu++20";
				CLANG_ENABLE_MODULES = YES;
				CLANG_ENABLE_OBJC_ARC = YES;
				CLANG_ENABLE_OBJC_WEAK = YES;
				CLANG_WARN_BLOCK_CAPTURE_AUTORELEASING = YES;
				CLANG_WARN_BOOL_CONVERSION = YES;
				CLANG_WARN_COMMA = YES;
				CLANG_WARN_CONSTANT_CONVERSION = YES;
				CLANG_WARN_DEPRECATED_OBJC_IMPLEMENTATIONS = YES;
				CLANG_WARN_DIRECT_OBJC_ISA_USAGE = YES_ERROR;
				CLANG_WARN_DOCUMENTATION_COMMENTS = YES;
				CLANG_WARN_EMPTY_BODY = YES;
				CLANG_WARN_ENUM_CONVERSION = YES;
				CLANG_WARN_INFINITE_RECURSION = YES;
				CLANG_WARN_INT_CONVERSION = YES;
				CLANG_WARN_NON_LITERAL_NULL_CONVERSION = YES;
				CLANG_WARN_OBJC_IMPLICIT_RETAIN_SELF = YES;
				CLANG_WARN_OBJC_LITERAL_CONVERSION = YES;
				CLANG_WARN_OBJC_ROOT_CLASS = YES_ERROR;
				CLANG_WARN_QUOTED_INCLUDE_IN_FRAMEWORK_HEADER = YES;
				CLANG_WARN_RANGE_LOOP_ANALYSIS = YES;
				CLANG_WARN_STRICT_PROTOTYPES = YES;
				CLANG_WARN_SUSPICIOUS_MOVE = YES;
				CLANG_WARN_UNGUARDED_AVAILABILITY = YES_AGGRESSIVE;
				CLANG_WARN_UNREACHABLE_CODE = YES;
				CLANG_WARN__DUPLICATE_METHOD_MATCH = YES;
				COPY_PHASE_STRIP = NO;
				DEBUG_INFORMATION_FORMAT = dwarf;
				ENABLE_STRICT_OBJC_MSGSEND = YES;
				ENABLE_TESTABILITY = YES;
				GCC_C_LANGUAGE_STANDARD = gnu11;
				GCC_DYNAMIC_NO_PIC = NO;
				GCC_NO_COMMON_BLOCKS = YES;
				GCC_OPTIMIZATION_LEVEL = 0;
				GCC_PREPROCESSOR_DEFINITIONS = (
					"DEBUG=1",
					"$(inherited)",
				);
				GCC_WARN_64_TO_32_BIT_CONVERSION = YES;
				GCC_WARN_ABOUT_RETURN_TYPE = YES_ERROR;
				GCC_WARN_UNDECLARED_SELECTOR = YES;
				GCC_WARN_UNINITIALIZED_AUTOS = YES_AGGRESSIVE;
				GCC_WARN_UNUSED_FUNCTION = YES;
				GCC_WARN_UNUSED_VARIABLE = YES;
				IPHONEOS_DEPLOYMENT_TARGET = 15.0;
				MTL_ENABLE_DEBUG_INFO = INCLUDE_SOURCE;
				MTL_FAST_MATH = YES;
				ONLY_ACTIVE_ARCH = YES;
				SDKROOT = iphoneos;
				SWIFT_ACTIVE_COMPILATION_CONDITIONS = DEBUG;
				SWIFT_OPTIMIZATION_LEVEL = "-Onone";
			};
			name = Debug;
		};
		6B18BDB12A3521A900B7E272 /* Release */ = {
			isa = XCBuildConfiguration;
			buildSettings = {
				ALWAYS_SEARCH_USER_PATHS = NO;
				CLANG_ANALYZER_NONNULL = YES;
				CLANG_ANALYZER_NUMBER_OBJECT_CONVERSION = YES_AGGRESSIVE;
				CLANG_CXX_LANGUAGE_STANDARD = "gnu++20";
				CLANG_ENABLE_MODULES = YES;
				CLANG_ENABLE_OBJC_ARC = YES;
				CLANG_ENABLE_OBJC_WEAK = YES;
				CLANG_WARN_BLOCK_CAPTURE_AUTORELEASING = YES;
				CLANG_WARN_BOOL_CONVERSION = YES;
				CLANG_WARN_COMMA = YES;
				CLANG_WARN_CONSTANT_CONVERSION = YES;
				CLANG_WARN_DEPRECATED_OBJC_IMPLEMENTATIONS = YES;
				CLANG_WARN_DIRECT_OBJC_ISA_USAGE = YES_ERROR;
				CLANG_WARN_DOCUMENTATION_COMMENTS = YES;
				CLANG_WARN_EMPTY_BODY = YES;
				CLANG_WARN_ENUM_CONVERSION = YES;
				CLANG_WARN_INFINITE_RECURSION = YES;
				CLANG_WARN_INT_CONVERSION = YES;
				CLANG_WARN_NON_LITERAL_NULL_CONVERSION = YES;
				CLANG_WARN_OBJC_IMPLICIT_RETAIN_SELF = YES;
				CLANG_WARN_OBJC_LITERAL_CONVERSION = YES;
				CLANG_WARN_OBJC_ROOT_CLASS = YES_ERROR;
				CLANG_WARN_QUOTED_INCLUDE_IN_FRAMEWORK_HEADER = YES;
				CLANG_WARN_RANGE_LOOP_ANALYSIS = YES;
				CLANG_WARN_STRICT_PROTOTYPES = YES;
				CLANG_WARN_SUSPICIOUS_MOVE = YES;
				CLANG_WARN_UNGUARDED_AVAILABILITY = YES_AGGRESSIVE;
				CLANG_WARN_UNREACHABLE_CODE = YES;
				CLANG_WARN__DUPLICATE_METHOD_MATCH = YES;
				COPY_PHASE_STRIP = NO;
				DEBUG_INFORMATION_FORMAT = "dwarf-with-dsym";
				ENABLE_NS_ASSERTIONS = NO;
				ENABLE_STRICT_OBJC_MSGSEND = YES;
				GCC_C_LANGUAGE_STANDARD = gnu11;
				GCC_NO_COMMON_BLOCKS = YES;
				GCC_WARN_64_TO_32_BIT_CONVERSION = YES;
				GCC_WARN_ABOUT_RETURN_TYPE = YES_ERROR;
				GCC_WARN_UNDECLARED_SELECTOR = YES;
				GCC_WARN_UNINITIALIZED_AUTOS = YES_AGGRESSIVE;
				GCC_WARN_UNUSED_FUNCTION = YES;
				GCC_WARN_UNUSED_VARIABLE = YES;
				IPHONEOS_DEPLOYMENT_TARGET = 15.0;
				MTL_ENABLE_DEBUG_INFO = NO;
				MTL_FAST_MATH = YES;
				SDKROOT = iphoneos;
				SWIFT_COMPILATION_MODE = wholemodule;
				SWIFT_OPTIMIZATION_LEVEL = "-O";
				VALIDATE_PRODUCT = YES;
			};
			name = Release;
		};
		6B18BDB32A3521A900B7E272 /* Debug */ = {
			isa = XCBuildConfiguration;
			buildSettings = {
				ASSETCATALOG_COMPILER_APPICON_NAME = AppIcon;
				ASSETCATALOG_COMPILER_GLOBAL_ACCENT_COLOR_NAME = AccentColor;
				CODE_SIGN_STYLE = Automatic;
				CURRENT_PROJECT_VERSION = 1;
				DEVELOPMENT_ASSET_PATHS = "\"PersonalCardEsquel/Preview Content\"";
				DEVELOPMENT_TEAM = VZPTBF3NV4;
				ENABLE_PREVIEWS = YES;
				GENERATE_INFOPLIST_FILE = YES;
				INFOPLIST_FILE = PersonalCardEsquel/Info.plist;
				INFOPLIST_KEY_CFBundleDisplayName = "Tarjeta Esquel";
				INFOPLIST_KEY_LSApplicationCategoryType = "public.app-category.business";
				INFOPLIST_KEY_UIApplicationSceneManifest_Generation = YES;
				INFOPLIST_KEY_UIApplicationSupportsIndirectInputEvents = YES;
				INFOPLIST_KEY_UILaunchScreen_Generation = YES;
				INFOPLIST_KEY_UISupportedInterfaceOrientations = UIInterfaceOrientationPortrait;
				IPHONEOS_DEPLOYMENT_TARGET = 15.0;
				LD_RUNPATH_SEARCH_PATHS = (
					"$(inherited)",
					"@executable_path/Frameworks",
				);
				MARKETING_VERSION = 0.2;
				PRODUCT_BUNDLE_IDENTIFIER = ar.tur.esquel.tarjetaEsquel;
				PRODUCT_NAME = "$(TARGET_NAME)";
				SUPPORTED_PLATFORMS = "iphoneos iphonesimulator";
				SUPPORTS_MACCATALYST = NO;
				SUPPORTS_MAC_DESIGNED_FOR_IPHONE_IPAD = NO;
				SWIFT_EMIT_LOC_STRINGS = YES;
				SWIFT_VERSION = 5.0;
				TARGETED_DEVICE_FAMILY = 1;
			};
			name = Debug;
		};
		6B18BDB42A3521A900B7E272 /* Release */ = {
			isa = XCBuildConfiguration;
			buildSettings = {
				ASSETCATALOG_COMPILER_APPICON_NAME = AppIcon;
				ASSETCATALOG_COMPILER_GLOBAL_ACCENT_COLOR_NAME = AccentColor;
				CODE_SIGN_STYLE = Automatic;
				CURRENT_PROJECT_VERSION = 1;
				DEVELOPMENT_ASSET_PATHS = "\"PersonalCardEsquel/Preview Content\"";
				DEVELOPMENT_TEAM = VZPTBF3NV4;
				ENABLE_PREVIEWS = YES;
				GENERATE_INFOPLIST_FILE = YES;
				INFOPLIST_FILE = PersonalCardEsquel/Info.plist;
				INFOPLIST_KEY_CFBundleDisplayName = "Tarjeta Esquel";
				INFOPLIST_KEY_LSApplicationCategoryType = "public.app-category.business";
				INFOPLIST_KEY_UIApplicationSceneManifest_Generation = YES;
				INFOPLIST_KEY_UIApplicationSupportsIndirectInputEvents = YES;
				INFOPLIST_KEY_UILaunchScreen_Generation = YES;
				INFOPLIST_KEY_UISupportedInterfaceOrientations = UIInterfaceOrientationPortrait;
				IPHONEOS_DEPLOYMENT_TARGET = 15.0;
				LD_RUNPATH_SEARCH_PATHS = (
					"$(inherited)",
					"@executable_path/Frameworks",
				);
				MARKETING_VERSION = 0.2;
				PRODUCT_BUNDLE_IDENTIFIER = ar.tur.esquel.tarjetaEsquel;
				PRODUCT_NAME = "$(TARGET_NAME)";
				SUPPORTED_PLATFORMS = "iphoneos iphonesimulator";
				SUPPORTS_MACCATALYST = NO;
				SUPPORTS_MAC_DESIGNED_FOR_IPHONE_IPAD = NO;
				SWIFT_EMIT_LOC_STRINGS = YES;
				SWIFT_VERSION = 5.0;
				TARGETED_DEVICE_FAMILY = 1;
			};
			name = Release;
		};
/* End XCBuildConfiguration section */

/* Begin XCConfigurationList section */
		6B18BD9F2A3521A700B7E272 /* Build configuration list for PBXProject "PersonalCardEsquel" */ = {
			isa = XCConfigurationList;
			buildConfigurations = (
				6B18BDB02A3521A900B7E272 /* Debug */,
				6B18BDB12A3521A900B7E272 /* Release */,
			);
			defaultConfigurationIsVisible = 0;
			defaultConfigurationName = Release;
		};
		6B18BDB22A3521A900B7E272 /* Build configuration list for PBXNativeTarget "PersonalCardEsquel" */ = {
			isa = XCConfigurationList;
			buildConfigurations = (
				6B18BDB32A3521A900B7E272 /* Debug */,
				6B18BDB42A3521A900B7E272 /* Release */,
			);
			defaultConfigurationIsVisible = 0;
			defaultConfigurationName = Release;
		};
/* End XCConfigurationList section */
	};
	rootObject = 6B18BD9C2A3521A700B7E272 /* Project object */;
}
